{
  "requires": true,
  "lockfileVersion": 1,
  "dependencies": {
    "nwoliver-palindrome": {
      "version": "0.1.0",
      "resolved": "https://registry.npmjs.org/nwoliver-palindrome/-/nwoliver-palindrome-0.1.0.tgz",
      "integrity": "sha512-GlGOuFqwCD+sLSegKylquuf24OoAQeihNP/+arLdhBMp4RaipglpEL5cDv6MVprmaifS4XUvLuyzgorDDIg1fA=="
    }
  }
}
